{
    "_readme": [
        "This file locks the dependencies of your project to a known state",
        "Read more about it at https://getcomposer.org/doc/01-basic-usage.md#composer-lock-the-lock-file",
        "This file is @generated automatically"
    ],
    "hash": "2ba8b25e451f67a9204c1ce1a51dcab2",
    "content-hash": "8a3c2ae5d166a18587eba4bb5e270fca",
    "packages": [
        {
            "name": "johnpbloch/wordpress",
            "version": "4.4.2",
            "source": {
                "type": "git",
                "url": "https://github.com/johnpbloch/wordpress.git",
                "reference": "fe9320de0793602084c600e22c0c5e0bb601a264"
            },
            "dist": {
                "type": "zip",
                "url": "https://api.github.com/repos/johnpbloch/wordpress/zipball/fe9320de0793602084c600e22c0c5e0bb601a264",
                "reference": "fe9320de0793602084c600e22c0c5e0bb601a264",
                "shasum": ""
            },
            "require": {
                "johnpbloch/wordpress-core-installer": "~0.2",
                "php": ">=5.3.2"
            },
            "type": "wordpress-core",
            "notification-url": "https://packagist.org/downloads/",
            "license": [
                "GPL-2.0+"
            ],
            "authors": [
                {
                    "name": "WordPress Community",
                    "homepage": "http://wordpress.org/about/"
                }
            ],
            "description": "WordPress is web software you can use to create a beautiful website or blog.",
            "homepage": "http://wordpress.org/",
            "keywords": [
                "blog",
                "cms"
            ],
            "time": "2016-02-02 17:16:14"
        },
        {
            "name": "johnpbloch/wordpress-core-installer",
            "version": "0.2.1",
            "source": {
                "type": "git",
                "url": "https://github.com/johnpbloch/wordpress-core-installer.git",
                "reference": "a04c2c383ef13aae077f36799ed2eafdebd618d2"
            },
            "dist": {
                "type": "zip",
                "url": "https://api.github.com/repos/johnpbloch/wordpress-core-installer/zipball/a04c2c383ef13aae077f36799ed2eafdebd618d2",
                "reference": "a04c2c383ef13aae077f36799ed2eafdebd618d2",
                "shasum": ""
            },
            "require": {
                "composer-plugin-api": "^1.0"
            },
            "conflict": {
                "composer/installers": "<1.0.6"
            },
            "require-dev": {
                "composer/composer": "1.0.*@dev"
            },
            "type": "composer-plugin",
            "extra": {
                "class": "johnpbloch\\Composer\\WordPressCorePlugin"
            },
            "autoload": {
                "psr-0": {
                    "johnpbloch\\Composer\\": "src/"
                }
            },
            "notification-url": "https://packagist.org/downloads/",
            "license": [
                "GPL-2.0+"
            ],
            "authors": [
                {
                    "name": "John P. Bloch",
                    "email": "me@johnpbloch.com"
                }
            ],
            "description": "A custom installer to handle deploying WordPress with composer",
            "keywords": [
                "wordpress"
            ],
            "time": "2015-06-11 15:15:30"
        },
        {
            "name": "josegonzalez/dotenv",
            "version": "2.0.0",
            "source": {
                "type": "git",
                "url": "https://github.com/josegonzalez/php-dotenv.git",
                "reference": "eb9eb3beea37411d2f7b4960eed94fc72a592488"
            },
            "dist": {
                "type": "zip",
                "url": "https://api.github.com/repos/josegonzalez/php-dotenv/zipball/eb9eb3beea37411d2f7b4960eed94fc72a592488",
                "reference": "eb9eb3beea37411d2f7b4960eed94fc72a592488",
                "shasum": ""
            },
            "require": {
                "m1/env": "2.*",
                "php": ">=5.3.0"
            },
            "require-dev": {
                "satooshi/php-coveralls": "1.*",
                "squizlabs/php_codesniffer": "2.*"
            },
            "type": "library",
            "autoload": {
                "psr-0": {
                    "josegonzalez\\Dotenv": [
                        "src",
                        "tests"
                    ]
                }
            },
            "notification-url": "https://packagist.org/downloads/",
            "license": [
                "MIT"
            ],
            "authors": [
                {
                    "name": "Jose Diaz-Gonzalez",
                    "email": "dotenv@josegonzalez.com",
                    "homepage": "http://josediazgonzalez.com",
                    "role": "Maintainer"
                }
            ],
            "description": "dotenv file parsing for PHP",
            "homepage": "https://github.com/josegonzalez/php-dotenv",
            "keywords": [
                "configuration",
                "dotenv",
                "php"
            ],
            "time": "2016-01-07 16:07:20"
        },
        {
            "name": "m1/env",
            "version": "2.0.0",
            "source": {
                "type": "git",
                "url": "https://github.com/m1/Env.git",
                "reference": "6013b1475c21d4c7076e1aaad9df5b2fae060cbb"
            },
            "dist": {
                "type": "zip",
                "url": "https://api.github.com/repos/m1/Env/zipball/6013b1475c21d4c7076e1aaad9df5b2fae060cbb",
                "reference": "6013b1475c21d4c7076e1aaad9df5b2fae060cbb",
                "shasum": ""
            },
            "require": {
                "php": ">=5.3.0"
            },
            "require-dev": {
                "phpunit/phpunit": "4.*",
                "scrutinizer/ocular": "~1.1",
                "squizlabs/php_codesniffer": "^2.3"
            },
            "suggest": {
                "josegonzalez/dotenv": "For loading of .env",
                "m1/vars": "For loading of configs"
            },
            "type": "library",
            "autoload": {
                "psr-4": {
                    "M1\\Env\\": "src"
                }
            },
            "notification-url": "https://packagist.org/downloads/",
            "license": [
                "MIT"
            ],
            "authors": [
                {
                    "name": "Miles Croxford",
                    "email": "hello@milescroxford.com",
                    "homepage": "http://milescroxford.com",
                    "role": "Developer"
                }
            ],
            "description": "Env is a lightweight library bringing .env file parser compatibility to PHP. In short - it enables you to read .env files with PHP.",
            "homepage": "https://github.com/m1/Env",
            "keywords": [
                ".env",
                "config",
                "dotenv",
                "env",
                "loader",
                "m1",
                "parser",
                "support"
            ],
            "time": "2016-01-07 13:21:36"
        }
    ],
    "packages-dev": [],
    "aliases": [],
    "minimum-stability": "stable",
    "stability-flags": [],
    "prefer-stable": false,
    "prefer-lowest": false,
    "platform": [],
    "platform-dev": []
}
